// !$*UTF8*$!
{
	archiveVersion = 1;
	classes = {
	};
	objectVersion = 46;
	objects = {

/* Begin PBXBuildFile section */
		142A10731F3EE3A300FACA64 /* csv.swift in Sources */ = {isa = PBXBuildFile; fileRef = 142A10721F3EE3A300FACA64 /* csv.swift */; };
		142A10751F3EEE4100FACA64 /* pokemonfont.ttf in Resources */ = {isa = PBXBuildFile; fileRef = 142A10741F3EEE4100FACA64 /* pokemonfont.ttf */; };
		142A107A1F3EEFFD00FACA64 /* music.png in Resources */ = {isa = PBXBuildFile; fileRef = 142A10791F3EEFFD00FACA64 /* music.png */; };
		142A107C1F3EF01700FACA64 /* music.mp3 in Resources */ = {isa = PBXBuildFile; fileRef = 142A107B1F3EF01700FACA64 /* music.mp3 */; };
		14D8561D1F3D82F4002A4370 /* AppDelegate.swift in Sources */ = {isa = PBXBuildFile; fileRef = 14D8561C1F3D82F4002A4370 /* AppDelegate.swift */; };
		14D8561F1F3D82F4002A4370 /* ViewController.swift in Sources */ = {isa = PBXBuildFile; fileRef = 14D8561E1F3D82F4002A4370 /* ViewController.swift */; };
		14D856221F3D82F4002A4370 /* Main.storyboard in Resources */ = {isa = PBXBuildFile; fileRef = 14D856201F3D82F4002A4370 /* Main.storyboard */; };
		14D856241F3D82F4002A4370 /* Assets.xcassets in Resources */ = {isa = PBXBuildFile; fileRef = 14D856231F3D82F4002A4370 /* Assets.xcassets */; };
		14D856271F3D82F4002A4370 /* LaunchScreen.storyboard in Resources */ = {isa = PBXBuildFile; fileRef = 14D856251F3D82F4002A4370 /* LaunchScreen.storyboard */; };
		14D8562F1F3D88B5002A4370 /* pokemon.csv in Resources */ = {isa = PBXBuildFile; fileRef = 14D8562E1F3D88B5002A4370 /* pokemon.csv */; };
		14D856321F3D8A96002A4370 /* Pokemon.swift in Sources */ = {isa = PBXBuildFile; fileRef = 14D856311F3D8A96002A4370 /* Pokemon.swift */; };
		14D856371F3D903A002A4370 /* PokeCell.swift in Sources */ = {isa = PBXBuildFile; fileRef = 14D856361F3D903A002A4370 /* PokeCell.swift */; };
/* End PBXBuildFile section */

/* Begin PBXFileReference section */
		142A10721F3EE3A300FACA64 /* csv.swift */ = {isa = PBXFileReference; fileEncoding = 4; lastKnownFileType = sourcecode.swift; path = csv.swift; sourceTree = "<group>"; };
		142A10741F3EEE4100FACA64 /* pokemonfont.ttf */ = {isa = PBXFileReference; lastKnownFileType = file; path = pokemonfont.ttf; sourceTree = "<group>"; };
		142A10791F3EEFFD00FACA64 /* music.png */ = {isa = PBXFileReference; lastKnownFileType = image.png; path = music.png; sourceTree = "<group>"; };
		142A107B1F3EF01700FACA64 /* music.mp3 */ = {isa = PBXFileReference; lastKnownFileType = audio.mp3; path = music.mp3; sourceTree = "<group>"; };
		14D856191F3D82F4002A4370 /* PokedexGo.app */ = {isa = PBXFileReference; explicitFileType = wrapper.application; includeInIndex = 0; path = PokedexGo.app; sourceTree = BUILT_PRODUCTS_DIR; };
		14D8561C1F3D82F4002A4370 /* AppDelegate.swift */ = {isa = PBXFileReference; lastKnownFileType = sourcecode.swift; path = AppDelegate.swift; sourceTree = "<group>"; };
		14D8561E1F3D82F4002A4370 /* ViewController.swift */ = {isa = PBXFileReference; lastKnownFileType = sourcecode.swift; path = ViewController.swift; sourceTree = "<group>"; };
		14D856211F3D82F4002A4370 /* Base */ = {isa = PBXFileReference; lastKnownFileType = file.storyboard; name = Base; path = Base.lproj/Main.storyboard; sourceTree = "<group>"; };
		14D856231F3D82F4002A4370 /* Assets.xcassets */ = {isa = PBXFileReference; lastKnownFileType = folder.assetcatalog; path = Assets.xcassets; sourceTree = "<group>"; };
		14D856261F3D82F4002A4370 /* Base */ = {isa = PBXFileReference; lastKnownFileType = file.storyboard; name = Base; path = Base.lproj/LaunchScreen.storyboard; sourceTree = "<group>"; };
		14D856281F3D82F4002A4370 /* Info.plist */ = {isa = PBXFileReference; lastKnownFileType = text.plist.xml; path = Info.plist; sourceTree = "<group>"; };
		14D8562E1F3D88B5002A4370 /* pokemon.csv */ = {isa = PBXFileReference; fileEncoding = 4; lastKnownFileType = text; path = pokemon.csv; sourceTree = "<group>"; };
		14D856311F3D8A96002A4370 /* Pokemon.swift */ = {isa = PBXFileReference; fileEncoding = 4; lastKnownFileType = sourcecode.swift; path = Pokemon.swift; sourceTree = "<group>"; };
		14D856361F3D903A002A4370 /* PokeCell.swift */ = {isa = PBXFileReference; fileEncoding = 4; lastKnownFileType = sourcecode.swift; path = PokeCell.swift; sourceTree = "<group>"; };
/* End PBXFileReference section */

/* Begin PBXFrameworksBuildPhase section */
		14D856161F3D82F4002A4370 /* Frameworks */ = {
			isa = PBXFrameworksBuildPhase;
			buildActionMask = 2147483647;
			files = (
			);
			runOnlyForDeploymentPostprocessing = 0;
		};
/* End PBXFrameworksBuildPhase section */

/* Begin PBXGroup section */
		142A10761F3EEE5E00FACA64 /* Controller */ = {
			isa = PBXGroup;
			children = (
				14D8561E1F3D82F4002A4370 /* ViewController.swift */,
			);
			name = Controller;
			sourceTree = "<group>";
		};
		142A10771F3EEE6F00FACA64 /* Resource */ = {
			isa = PBXGroup;
			children = (
				142A10741F3EEE4100FACA64 /* pokemonfont.ttf */,
				14D8562E1F3D88B5002A4370 /* pokemon.csv */,
				142A10791F3EEFFD00FACA64 /* music.png */,
				142A107B1F3EF01700FACA64 /* music.mp3 */,
			);
			name = Resource;
			sourceTree = "<group>";
		};
		142A10781F3EEE8200FACA64 /* Util */ = {
			isa = PBXGroup;
			children = (
				142A10721F3EE3A300FACA64 /* csv.swift */,
			);
			name = Util;
			sourceTree = "<group>";
		};
		14D856101F3D82F4002A4370 = {
			isa = PBXGroup;
			children = (
				14D8561B1F3D82F4002A4370 /* PokedexGo */,
				14D8561A1F3D82F4002A4370 /* Products */,
			);
			sourceTree = "<group>";
		};
		14D8561A1F3D82F4002A4370 /* Products */ = {
			isa = PBXGroup;
			children = (
				14D856191F3D82F4002A4370 /* PokedexGo.app */,
			);
			name = Products;
			sourceTree = "<group>";
		};
		14D8561B1F3D82F4002A4370 /* PokedexGo */ = {
			isa = PBXGroup;
			children = (
				14D856301F3D8A84002A4370 /* Model */,
				14D856331F3D8FDF002A4370 /* View */,
				142A10761F3EEE5E00FACA64 /* Controller */,
				142A10771F3EEE6F00FACA64 /* Resource */,
				142A10781F3EEE8200FACA64 /* Util */,
				14D8561C1F3D82F4002A4370 /* AppDelegate.swift */,
				14D856201F3D82F4002A4370 /* Main.storyboard */,
				14D856231F3D82F4002A4370 /* Assets.xcassets */,
				14D856251F3D82F4002A4370 /* LaunchScreen.storyboard */,
				14D856281F3D82F4002A4370 /* Info.plist */,
			);
			path = PokedexGo;
			sourceTree = "<group>";
		};
		14D856301F3D8A84002A4370 /* Model */ = {
			isa = PBXGroup;
			children = (
				14D856311F3D8A96002A4370 /* Pokemon.swift */,
			);
			name = Model;
			sourceTree = "<group>";
		};
		14D856331F3D8FDF002A4370 /* View */ = {
			isa = PBXGroup;
			children = (
				14D856361F3D903A002A4370 /* PokeCell.swift */,
			);
			name = View;
			sourceTree = "<group>";
		};
/* End PBXGroup section */

/* Begin PBXNativeTarget section */
		14D856181F3D82F4002A4370 /* PokedexGo */ = {
			isa = PBXNativeTarget;
			buildConfigurationList = 14D8562B1F3D82F4002A4370 /* Build configuration list for PBXNativeTarget "PokedexGo" */;
			buildPhases = (
				14D856151F3D82F4002A4370 /* Sources */,
				14D856161F3D82F4002A4370 /* Frameworks */,
				14D856171F3D82F4002A4370 /* Resources */,
			);
			buildRules = (
			);
			dependencies = (
			);
			name = PokedexGo;
			productName = PokedexGo;
			productReference = 14D856191F3D82F4002A4370 /* PokedexGo.app */;
			productType = "com.apple.product-type.application";
		};
/* End PBXNativeTarget section */

/* Begin PBXProject section */
		14D856111F3D82F4002A4370 /* Project object */ = {
			isa = PBXProject;
			attributes = {
				LastSwiftUpdateCheck = 0830;
				LastUpgradeCheck = 0830;
				ORGANIZATIONNAME = SEAN;
				TargetAttributes = {
					14D856181F3D82F4002A4370 = {
						CreatedOnToolsVersion = 8.3.3;
						LastSwiftMigration = 0830;
						ProvisioningStyle = Automatic;
					};
				};
			};
			buildConfigurationList = 14D856141F3D82F4002A4370 /* Build configuration list for PBXProject "PokedexGo" */;
			compatibilityVersion = "Xcode 3.2";
			developmentRegion = English;
			hasScannedForEncodings = 0;
			knownRegions = (
				en,
				Base,
			);
			mainGroup = 14D856101F3D82F4002A4370;
			productRefGroup = 14D8561A1F3D82F4002A4370 /* Products */;
			projectDirPath = "";
			projectRoot = "";
			targets = (
				14D856181F3D82F4002A4370 /* PokedexGo */,
			);
		};
/* End PBXProject section */

/* Begin PBXResourcesBuildPhase section */
		14D856171F3D82F4002A4370 /* Resources */ = {
			isa = PBXResourcesBuildPhase;
			buildActionMask = 2147483647;
			files = (
				142A10751F3EEE4100FACA64 /* pokemonfont.ttf in Resources */,
				14D856271F3D82F4002A4370 /* LaunchScreen.storyboard in Resources */,
				14D856241F3D82F4002A4370 /* Assets.xcassets in Resources */,
				14D8562F1F3D88B5002A4370 /* pokemon.csv in Resources */,
				14D856221F3D82F4002A4370 /* Main.storyboard in Resources */,
				142A107C1F3EF01700FACA64 /* music.mp3 in Resources */,
				142A107A1F3EEFFD00FACA64 /* music.png in Resources */,
			);
			runOnlyForDeploymentPostprocessing = 0;
		};
/* End PBXResourcesBuildPhase section */

/* Begin PBXSourcesBuildPhase section */
		14D856151F3D82F4002A4370 /* Sources */ = {
			isa = PBXSourcesBuildPhase;
			buildActionMask = 2147483647;
			files = (
				14D856371F3D903A002A4370 /* PokeCell.swift in Sources */,
				14D8561F1F3D82F4002A4370 /* ViewController.swift in Sources */,
				14D8561D1F3D82F4002A4370 /* AppDelegate.swift in Sources */,
				14D856321F3D8A96002A4370 /* Pokemon.swift in Sources */,
				142A10731F3EE3A300FACA64 /* csv.swift in Sources */,
			);
			runOnlyForDeploymentPostprocessing = 0;
		};
/* End PBXSourcesBuildPhase section */

/* Begin PBXVariantGroup section */
		14D856201F3D82F4002A4370 /* Main.storyboard */ = {
			isa = PBXVariantGroup;
			children = (
				14D856211F3D82F4002A4370 /* Base */,
			);
			name = Main.storyboard;
			sourceTree = "<group>";
		};
		14D856251F3D82F4002A4370 /* LaunchScreen.storyboard */ = {
			isa = PBXVariantGroup;
			children = (
				14D856261F3D82F4002A4370 /* Base */,
			);
			name = LaunchScreen.storyboard;
			sourceTree = "<group>";
		};
/* End PBXVariantGroup section */

/* Begin XCBuildConfiguration section */
		14D856291F3D82F4002A4370 /* Debug */ = {
			isa = XCBuildConfiguration;
			buildSettings = {
				ALWAYS_SEARCH_USER_PATHS = NO;
				CLANG_ANALYZER_NONNULL = YES;
				CLANG_ANALYZER_NUMBER_OBJECT_CONVERSION = YES_AGGRESSIVE;
				CLANG_CXX_LANGUAGE_STANDARD = "gnu++0x";
				CLANG_CXX_LIBRARY = "libc++";
				CLANG_ENABLE_MODULES = YES;
				CLANG_ENABLE_OBJC_ARC = YES;
				CLANG_WARN_BOOL_CONVERSION = YES;
				CLANG_WARN_CONSTANT_CONVERSION = YES;
				CLANG_WARN_DIRECT_OBJC_ISA_USAGE = YES_ERROR;
				CLANG_WARN_DOCUMENTATION_COMMENTS = YES;
				CLANG_WARN_EMPTY_BODY = YES;
				CLANG_WARN_ENUM_CONVERSION = YES;
				CLANG_WARN_INFINITE_RECURSION = YES;
				CLANG_WARN_INT_CONVERSION = YES;
				CLANG_WARN_OBJC_ROOT_CLASS = YES_ERROR;
				CLANG_WARN_SUSPICIOUS_MOVE = YES;
				CLANG_WARN_UNREACHABLE_CODE = YES;
				CLANG_WARN__DUPLICATE_METHOD_MATCH = YES;
				"CODE_SIGN_IDENTITY[sdk=iphoneos*]" = "iPhone Developer";
				COPY_PHASE_STRIP = NO;
				DEBUG_INFORMATION_FORMAT = dwarf;
				ENABLE_STRICT_OBJC_MSGSEND = YES;
				ENABLE_TESTABILITY = YES;
				GCC_C_LANGUAGE_STANDARD = gnu99;
				GCC_DYNAMIC_NO_PIC = NO;
				GCC_NO_COMMON_BLOCKS = YES;
				GCC_OPTIMIZATION_LEVEL = 0;
				GCC_PREPROCESSOR_DEFINITIONS = (
					"DEBUG=1",
					"$(inherited)",
				);
				GCC_WARN_64_TO_32_BIT_CONVERSION = YES;
				GCC_WARN_ABOUT_RETURN_TYPE = YES_ERROR;
				GCC_WARN_UNDECLARED_SELECTOR = YES;
				GCC_WARN_UNINITIALIZED_AUTOS = YES_AGGRESSIVE;
				GCC_WARN_UNUSED_FUNCTION = YES;
				GCC_WARN_UNUSED_VARIABLE = YES;
				IPHONEOS_DEPLOYMENT_TARGET = 10.3;
				MTL_ENABLE_DEBUG_INFO = YES;
				ONLY_ACTIVE_ARCH = YES;
				SDKROOT = iphoneos;
				SWIFT_ACTIVE_COMPILATION_CONDITIONS = DEBUG;
				SWIFT_OPTIMIZATION_LEVEL = "-Onone";
				TARGETED_DEVICE_FAMILY = "1,2";
			};
			name = Debug;
		};
		14D8562A1F3D82F4002A4370 /* Release */ = {
			isa = XCBuildConfiguration;
			buildSettings = {
				ALWAYS_SEARCH_USER_PATHS = NO;
				CLANG_ANALYZER_NONNULL = YES;
				CLANG_ANALYZER_NUMBER_OBJECT_CONVERSION = YES_AGGRESSIVE;
				CLANG_CXX_LANGUAGE_STANDARD = "gnu++0x";
				CLANG_CXX_LIBRARY = "libc++";
				CLANG_ENABLE_MODULES = YES;
				CLANG_ENABLE_OBJC_ARC = YES;
				CLANG_WARN_BOOL_CONVERSION = YES;
				CLANG_WARN_CONSTANT_CONVERSION = YES;
				CLANG_WARN_DIRECT_OBJC_ISA_USAGE = YES_ERROR;
				CLANG_WARN_DOCUMENTATION_COMMENTS = YES;
				CLANG_WARN_EMPTY_BODY = YES;
				CLANG_WARN_ENUM_CONVERSION = YES;
				CLANG_WARN_INFINITE_RECURSION = YES;
				CLANG_WARN_INT_CONVERSION = YES;
				CLANG_WARN_OBJC_ROOT_CLASS = YES_ERROR;
				CLANG_WARN_SUSPICIOUS_MOVE = YES;
				CLANG_WARN_UNREACHABLE_CODE = YES;
				CLANG_WARN__DUPLICATE_METHOD_MATCH = YES;
				"CODE_SIGN_IDENTITY[sdk=iphoneos*]" = "iPhone Developer";
				COPY_PHASE_STRIP = NO;
				DEBUG_INFORMATION_FORMAT = "dwarf-with-dsym";
				ENABLE_NS_ASSERTIONS = NO;
				ENABLE_STRICT_OBJC_MSGSEND = YES;
				GCC_C_LANGUAGE_STANDARD = gnu99;
				GCC_NO_COMMON_BLOCKS = YES;
				GCC_WARN_64_TO_32_BIT_CONVERSION = YES;
				GCC_WARN_ABOUT_RETURN_TYPE = YES_ERROR;
				GCC_WARN_UNDECLARED_SELECTOR = YES;
				GCC_WARN_UNINITIALIZED_AUTOS = YES_AGGRESSIVE;
				GCC_WARN_UNUSED_FUNCTION = YES;
				GCC_WARN_UNUSED_VARIABLE = YES;
				IPHONEOS_DEPLOYMENT_TARGET = 10.3;
				MTL_ENABLE_DEBUG_INFO = NO;
				SDKROOT = iphoneos;
				SWIFT_OPTIMIZATION_LEVEL = "-Owholemodule";
				TARGETED_DEVICE_FAMILY = "1,2";
				VALIDATE_PRODUCT = YES;
			};
			name = Release;
		};
		14D8562C1F3D82F4002A4370 /* Debug */ = {
			isa = XCBuildConfiguration;
			buildSettings = {
				ASSETCATALOG_COMPILER_APPICON_NAME = AppIcon;
				INFOPLIST_FILE = PokedexGo/Info.plist;
				LD_RUNPATH_SEARCH_PATHS = "$(inherited) @executable_path/Frameworks";
				PRODUCT_BUNDLE_IDENTIFIER = seanlinapps.PokedexGo;
				PRODUCT_NAME = "$(TARGET_NAME)";
				SWIFT_VERSION = 3.0;
			};
			name = Debug;
		};
		14D8562D1F3D82F4002A4370 /* Release */ = {
			isa = XCBuildConfiguration;
			buildSettings = {
				ASSETCATALOG_COMPILER_APPICON_NAME = AppIcon;
				INFOPLIST_FILE = PokedexGo/Info.plist;
				LD_RUNPATH_SEARCH_PATHS = "$(inherited) @executable_path/Frameworks";
				PRODUCT_BUNDLE_IDENTIFIER = seanlinapps.PokedexGo;
				PRODUCT_NAME = "$(TARGET_NAME)";
				SWIFT_VERSION = 3.0;
			};
			name = Release;
		};
/* End XCBuildConfiguration section */

/* Begin XCConfigurationList section */
		14D856141F3D82F4002A4370 /* Build configuration list for PBXProject "PokedexGo" */ = {
			isa = XCConfigurationList;
			buildConfigurations = (
				14D856291F3D82F4002A4370 /* Debug */,
				14D8562A1F3D82F4002A4370 /* Release */,
			);
			defaultConfigurationIsVisible = 0;
			defaultConfigurationName = Release;
		};
		14D8562B1F3D82F4002A4370 /* Build configuration list for PBXNativeTarget "PokedexGo" */ = {
			isa = XCConfigurationList;
			buildConfigurations = (
				14D8562C1F3D82F4002A4370 /* Debug */,
				14D8562D1F3D82F4002A4370 /* Release */,
			);
			defaultConfigurationIsVisible = 0;
			defaultConfigurationName = Release;
		};
/* End XCConfigurationList section */
	};
	rootObject = 14D856111F3D82F4002A4370 /* Project object */;
}
